
Microsoft Visual Studio Solution File, Format Version 12.00
# Visual Studio 15
VisualStudioVersion = 15.0.28307.1022
MinimumVisualStudioVersion = 10.0.40219.1
Project("{FAE04EC0-301F-11D3-BF4B-00C04F79EFBC}") = "StudentStorage.WPF", "StudentStorage.WPF\StudentStorage.WPF.csproj", "{A381D800-F23B-48DD-BF7C-778B9E5BEA0E}"
	ProjectSection(ProjectDependencies) = postProject
		{7C31D24D-75F9-4209-9C6B-DEFDDF96F2CD} = {7C31D24D-75F9-4209-9C6B-DEFDDF96F2CD}
	EndProjectSection
EndProject
Project("{FAE04EC0-301F-11D3-BF4B-00C04F79EFBC}") = "StudentStorage.Collection", "StudentStorage.Collection\StudentStorage.Collection.csproj", "{7C31D24D-75F9-4209-9C6B-DEFDDF96F2CD}"
EndProject
Global
	GlobalSection(SolutionConfigurationPlatforms) = preSolution
		Debug|Any CPU = Debug|Any CPU
		Release|Any CPU = Release|Any CPU
	EndGlobalSection
	GlobalSection(ProjectConfigurationPlatforms) = postSolution
		{A381D800-F23B-48DD-BF7C-778B9E5BEA0E}.Debug|Any CPU.ActiveCfg = Debug|Any CPU
		{A381D800-F23B-48DD-BF7C-778B9E5BEA0E}.Debug|Any CPU.Build.0 = Debug|Any CPU
		{A381D800-F23B-48DD-BF7C-778B9E5BEA0E}.Release|Any CPU.ActiveCfg = Release|Any CPU
		{A381D800-F23B-48DD-BF7C-778B9E5BEA0E}.Release|Any CPU.Build.0 = Release|Any CPU
		{7C31D24D-75F9-4209-9C6B-DEFDDF96F2CD}.Debug|Any CPU.ActiveCfg = Debug|Any CPU
		{7C31D24D-75F9-4209-9C6B-DEFDDF96F2CD}.Debug|Any CPU.Build.0 = Debug|Any CPU
		{7C31D24D-75F9-4209-9C6B-DEFDDF96F2CD}.Release|Any CPU.ActiveCfg = Release|Any CPU
		{7C31D24D-75F9-4209-9C6B-DEFDDF96F2CD}.Release|Any CPU.Build.0 = Release|Any CPU
	EndGlobalSection
	GlobalSection(SolutionProperties) = preSolution
		HideSolutionNode = FALSE
	EndGlobalSection
	GlobalSection(ExtensibilityGlobals) = postSolution
		SolutionGuid = {6977B52C-2588-485E-A723-52CFB3359FF6}
	EndGlobalSection
EndGlobal
